
Microsoft Visual Studio Solution File, Format Version 12.00
# Visual Studio Version 16
VisualStudioVersion = 16.0.31205.134
MinimumVisualStudioVersion = 10.0.40219.1
Project("{FAE04EC0-301F-11D3-BF4B-00C04F79EFBC}") = "PatientRegistration", "PatientRegistration.csproj", "{4CC1544D-B4C2-4A4F-8200-808CEF9C8F47}"
EndProject
Global
	GlobalSection(SolutionConfigurationPlatforms) = preSolution
		Debug|Any CPU = Debug|Any CPU
		Release|Any CPU = Release|Any CPU
	EndGlobalSection
	GlobalSection(ProjectConfigurationPlatforms) = postSolution
		{4CC1544D-B4C2-4A4F-8200-808CEF9C8F47}.Debug|Any CPU.ActiveCfg = Debug|Any CPU
		{4CC1544D-B4C2-4A4F-8200-808CEF9C8F47}.Debug|Any CPU.Build.0 = Debug|Any CPU
		{4CC1544D-B4C2-4A4F-8200-808CEF9C8F47}.Release|Any CPU.ActiveCfg = Release|Any CPU
		{4CC1544D-B4C2-4A4F-8200-808CEF9C8F47}.Release|Any CPU.Build.0 = Release|Any CPU
	EndGlobalSection
	GlobalSection(SolutionProperties) = preSolution
		HideSolutionNode = FALSE
	EndGlobalSection
	GlobalSection(ExtensibilityGlobals) = postSolution
		SolutionGuid = {9D1152A8-DD66-4F96-916F-C9D87FD60A79}
	EndGlobalSection
EndGlobal
